// !$*UTF8*$!
{
	archiveVersion = 1;
	classes = {
	};
	objectVersion = 46;
	objects = {

/* Begin PBXBuildFile section */
		94FA253E1DF3297500E38901 /* AppDelegate.swift in Sources */ = {isa = PBXBuildFile; fileRef = 94FA253D1DF3297500E38901 /* AppDelegate.swift */; };
		94FA25401DF3297500E38901 /* ViewController.swift in Sources */ = {isa = PBXBuildFile; fileRef = 94FA253F1DF3297500E38901 /* ViewController.swift */; };
		94FA25431DF3297500E38901 /* Main.storyboard in Resources */ = {isa = PBXBuildFile; fileRef = 94FA25411DF3297500E38901 /* Main.storyboard */; };
		94FA25451DF3297500E38901 /* Assets.xcassets in Resources */ = {isa = PBXBuildFile; fileRef = 94FA25441DF3297500E38901 /* Assets.xcassets */; };
		94FA25481DF3297500E38901 /* LaunchScreen.storyboard in Resources */ = {isa = PBXBuildFile; fileRef = 94FA25461DF3297500E38901 /* LaunchScreen.storyboard */; };
		94FA25531DF32FF000E38901 /* ViewModel.swift in Sources */ = {isa = PBXBuildFile; fileRef = 94FA25521DF32FF000E38901 /* ViewModel.swift */; };
		94FA25551DF3326600E38901 /* PaddedButton.swift in Sources */ = {isa = PBXBuildFile; fileRef = 94FA25541DF3326600E38901 /* PaddedButton.swift */; };
/* End PBXBuildFile section */

/* Begin PBXFileReference section */
		94FA253A1DF3297500E38901 /* Quiz.app */ = {isa = PBXFileReference; explicitFileType = wrapper.application; includeInIndex = 0; path = Quiz.app; sourceTree = BUILT_PRODUCTS_DIR; };
		94FA253D1DF3297500E38901 /* AppDelegate.swift */ = {isa = PBXFileReference; lastKnownFileType = sourcecode.swift; path = AppDelegate.swift; sourceTree = "<group>"; };
		94FA253F1DF3297500E38901 /* ViewController.swift */ = {isa = PBXFileReference; lastKnownFileType = sourcecode.swift; path = ViewController.swift; sourceTree = "<group>"; };
		94FA25421DF3297500E38901 /* Base */ = {isa = PBXFileReference; lastKnownFileType = file.storyboard; name = Base; path = Base.lproj/Main.storyboard; sourceTree = "<group>"; };
		94FA25441DF3297500E38901 /* Assets.xcassets */ = {isa = PBXFileReference; lastKnownFileType = folder.assetcatalog; path = Assets.xcassets; sourceTree = "<group>"; };
		94FA25471DF3297500E38901 /* Base */ = {isa = PBXFileReference; lastKnownFileType = file.storyboard; name = Base; path = Base.lproj/LaunchScreen.storyboard; sourceTree = "<group>"; };
		94FA25491DF3297500E38901 /* Info.plist */ = {isa = PBXFileReference; lastKnownFileType = text.plist.xml; path = Info.plist; sourceTree = "<group>"; };
		94FA25521DF32FF000E38901 /* ViewModel.swift */ = {isa = PBXFileReference; fileEncoding = 4; lastKnownFileType = sourcecode.swift; path = ViewModel.swift; sourceTree = "<group>"; };
		94FA25541DF3326600E38901 /* PaddedButton.swift */ = {isa = PBXFileReference; fileEncoding = 4; lastKnownFileType = sourcecode.swift; path = PaddedButton.swift; sourceTree = "<group>"; };
/* End PBXFileReference section */

/* Begin PBXFrameworksBuildPhase section */
		94FA25371DF3297500E38901 /* Frameworks */ = {
			isa = PBXFrameworksBuildPhase;
			buildActionMask = 2147483647;
			files = (
			);
			runOnlyForDeploymentPostprocessing = 0;
		};
/* End PBXFrameworksBuildPhase section */

/* Begin PBXGroup section */
		94FA25311DF3297500E38901 = {
			isa = PBXGroup;
			children = (
				94FA253C1DF3297500E38901 /* Quiz */,
				94FA253B1DF3297500E38901 /* Products */,
			);
			sourceTree = "<group>";
		};
		94FA253B1DF3297500E38901 /* Products */ = {
			isa = PBXGroup;
			children = (
				94FA253A1DF3297500E38901 /* Quiz.app */,
			);
			name = Products;
			sourceTree = "<group>";
		};
		94FA253C1DF3297500E38901 /* Quiz */ = {
			isa = PBXGroup;
			children = (
				94FA254F1DF32C5800E38901 /* Model */,
				94FA25501DF32C5E00E38901 /* View */,
				94FA25511DF32C6500E38901 /* Controller */,
				94FA253D1DF3297500E38901 /* AppDelegate.swift */,
				94FA25441DF3297500E38901 /* Assets.xcassets */,
				94FA25491DF3297500E38901 /* Info.plist */,
			);
			path = Quiz;
			sourceTree = "<group>";
		};
		94FA254F1DF32C5800E38901 /* Model */ = {
			isa = PBXGroup;
			children = (
				94FA25521DF32FF000E38901 /* ViewModel.swift */,
			);
			name = Model;
			sourceTree = "<group>";
		};
		94FA25501DF32C5E00E38901 /* View */ = {
			isa = PBXGroup;
			children = (
				94FA25411DF3297500E38901 /* Main.storyboard */,
				94FA25461DF3297500E38901 /* LaunchScreen.storyboard */,
				94FA25541DF3326600E38901 /* PaddedButton.swift */,
			);
			name = View;
			sourceTree = "<group>";
		};
		94FA25511DF32C6500E38901 /* Controller */ = {
			isa = PBXGroup;
			children = (
				94FA253F1DF3297500E38901 /* ViewController.swift */,
			);
			name = Controller;
			sourceTree = "<group>";
		};
/* End PBXGroup section */

/* Begin PBXNativeTarget section */
		94FA25391DF3297500E38901 /* Quiz */ = {
			isa = PBXNativeTarget;
			buildConfigurationList = 94FA254C1DF3297500E38901 /* Build configuration list for PBXNativeTarget "Quiz" */;
			buildPhases = (
				94FA25361DF3297500E38901 /* Sources */,
				94FA25371DF3297500E38901 /* Frameworks */,
				94FA25381DF3297500E38901 /* Resources */,
			);
			buildRules = (
			);
			dependencies = (
			);
			name = Quiz;
			productName = Quiz;
			productReference = 94FA253A1DF3297500E38901 /* Quiz.app */;
			productType = "com.apple.product-type.application";
		};
/* End PBXNativeTarget section */

/* Begin PBXProject section */
		94FA25321DF3297500E38901 /* Project object */ = {
			isa = PBXProject;
			attributes = {
				LastSwiftUpdateCheck = 0810;
				LastUpgradeCheck = 0810;
				ORGANIZATIONNAME = mranderson;
				TargetAttributes = {
					94FA25391DF3297500E38901 = {
						CreatedOnToolsVersion = 8.1;
						DevelopmentTeam = BEPPW5449K;
						ProvisioningStyle = Automatic;
					};
				};
			};
			buildConfigurationList = 94FA25351DF3297500E38901 /* Build configuration list for PBXProject "Quiz" */;
			compatibilityVersion = "Xcode 3.2";
			developmentRegion = English;
			hasScannedForEncodings = 0;
			knownRegions = (
				en,
				Base,
			);
			mainGroup = 94FA25311DF3297500E38901;
			productRefGroup = 94FA253B1DF3297500E38901 /* Products */;
			projectDirPath = "";
			projectRoot = "";
			targets = (
				94FA25391DF3297500E38901 /* Quiz */,
			);
		};
/* End PBXProject section */

/* Begin PBXResourcesBuildPhase section */
		94FA25381DF3297500E38901 /* Resources */ = {
			isa = PBXResourcesBuildPhase;
			buildActionMask = 2147483647;
			files = (
				94FA25481DF3297500E38901 /* LaunchScreen.storyboard in Resources */,
				94FA25451DF3297500E38901 /* Assets.xcassets in Resources */,
				94FA25431DF3297500E38901 /* Main.storyboard in Resources */,
			);
			runOnlyForDeploymentPostprocessing = 0;
		};
/* End PBXResourcesBuildPhase section */

/* Begin PBXSourcesBuildPhase section */
		94FA25361DF3297500E38901 /* Sources */ = {
			isa = PBXSourcesBuildPhase;
			buildActionMask = 2147483647;
			files = (
				94FA25401DF3297500E38901 /* ViewController.swift in Sources */,
				94FA25531DF32FF000E38901 /* ViewModel.swift in Sources */,
				94FA253E1DF3297500E38901 /* AppDelegate.swift in Sources */,
				94FA25551DF3326600E38901 /* PaddedButton.swift in Sources */,
			);
			runOnlyForDeploymentPostprocessing = 0;
		};
/* End PBXSourcesBuildPhase section */

/* Begin PBXVariantGroup section */
		94FA25411DF3297500E38901 /* Main.storyboard */ = {
			isa = PBXVariantGroup;
			children = (
				94FA25421DF3297500E38901 /* Base */,
			);
			name = Main.storyboard;
			sourceTree = "<group>";
		};
		94FA25461DF3297500E38901 /* LaunchScreen.storyboard */ = {
			isa = PBXVariantGroup;
			children = (
				94FA25471DF3297500E38901 /* Base */,
			);
			name = LaunchScreen.storyboard;
			sourceTree = "<group>";
		};
/* End PBXVariantGroup section */

/* Begin XCBuildConfiguration section */
		94FA254A1DF3297500E38901 /* Debug */ = {
			isa = XCBuildConfiguration;
			buildSettings = {
				ALWAYS_SEARCH_USER_PATHS = NO;
				CLANG_ANALYZER_NONNULL = YES;
				CLANG_CXX_LANGUAGE_STANDARD = "gnu++0x";
				CLANG_CXX_LIBRARY = "libc++";
				CLANG_ENABLE_MODULES = YES;
				CLANG_ENABLE_OBJC_ARC = YES;
				CLANG_WARN_BOOL_CONVERSION = YES;
				CLANG_WARN_CONSTANT_CONVERSION = YES;
				CLANG_WARN_DIRECT_OBJC_ISA_USAGE = YES_ERROR;
				CLANG_WARN_DOCUMENTATION_COMMENTS = YES;
				CLANG_WARN_EMPTY_BODY = YES;
				CLANG_WARN_ENUM_CONVERSION = YES;
				CLANG_WARN_INFINITE_RECURSION = YES;
				CLANG_WARN_INT_CONVERSION = YES;
				CLANG_WARN_OBJC_ROOT_CLASS = YES_ERROR;
				CLANG_WARN_SUSPICIOUS_MOVES = YES;
				CLANG_WARN_UNREACHABLE_CODE = YES;
				CLANG_WARN__DUPLICATE_METHOD_MATCH = YES;
				"CODE_SIGN_IDENTITY[sdk=iphoneos*]" = "iPhone Developer";
				COPY_PHASE_STRIP = NO;
				DEBUG_INFORMATION_FORMAT = dwarf;
				ENABLE_STRICT_OBJC_MSGSEND = YES;
				ENABLE_TESTABILITY = YES;
				GCC_C_LANGUAGE_STANDARD = gnu99;
				GCC_DYNAMIC_NO_PIC = NO;
				GCC_NO_COMMON_BLOCKS = YES;
				GCC_OPTIMIZATION_LEVEL = 0;
				GCC_PREPROCESSOR_DEFINITIONS = (
					"DEBUG=1",
					"$(inherited)",
				);
				GCC_WARN_64_TO_32_BIT_CONVERSION = YES;
				GCC_WARN_ABOUT_RETURN_TYPE = YES_ERROR;
				GCC_WARN_UNDECLARED_SELECTOR = YES;
				GCC_WARN_UNINITIALIZED_AUTOS = YES_AGGRESSIVE;
				GCC_WARN_UNUSED_FUNCTION = YES;
				GCC_WARN_UNUSED_VARIABLE = YES;
				IPHONEOS_DEPLOYMENT_TARGET = 10.1;
				MTL_ENABLE_DEBUG_INFO = YES;
				ONLY_ACTIVE_ARCH = YES;
				SDKROOT = iphoneos;
				SWIFT_ACTIVE_COMPILATION_CONDITIONS = DEBUG;
				SWIFT_OPTIMIZATION_LEVEL = "-Onone";
			};
			name = Debug;
		};
		94FA254B1DF3297500E38901 /* Release */ = {
			isa = XCBuildConfiguration;
			buildSettings = {
				ALWAYS_SEARCH_USER_PATHS = NO;
				CLANG_ANALYZER_NONNULL = YES;
				CLANG_CXX_LANGUAGE_STANDARD = "gnu++0x";
				CLANG_CXX_LIBRARY = "libc++";
				CLANG_ENABLE_MODULES = YES;
				CLANG_ENABLE_OBJC_ARC = YES;
				CLANG_WARN_BOOL_CONVERSION = YES;
				CLANG_WARN_CONSTANT_CONVERSION = YES;
				CLANG_WARN_DIRECT_OBJC_ISA_USAGE = YES_ERROR;
				CLANG_WARN_DOCUMENTATION_COMMENTS = YES;
				CLANG_WARN_EMPTY_BODY = YES;
				CLANG_WARN_ENUM_CONVERSION = YES;
				CLANG_WARN_INFINITE_RECURSION = YES;
				CLANG_WARN_INT_CONVERSION = YES;
				CLANG_WARN_OBJC_ROOT_CLASS = YES_ERROR;
				CLANG_WARN_SUSPICIOUS_MOVES = YES;
				CLANG_WARN_UNREACHABLE_CODE = YES;
				CLANG_WARN__DUPLICATE_METHOD_MATCH = YES;
				"CODE_SIGN_IDENTITY[sdk=iphoneos*]" = "iPhone Developer";
				COPY_PHASE_STRIP = NO;
				DEBUG_INFORMATION_FORMAT = "dwarf-with-dsym";
				ENABLE_NS_ASSERTIONS = NO;
				ENABLE_STRICT_OBJC_MSGSEND = YES;
				GCC_C_LANGUAGE_STANDARD = gnu99;
				GCC_NO_COMMON_BLOCKS = YES;
				GCC_WARN_64_TO_32_BIT_CONVERSION = YES;
				GCC_WARN_ABOUT_RETURN_TYPE = YES_ERROR;
				GCC_WARN_UNDECLARED_SELECTOR = YES;
				GCC_WARN_UNINITIALIZED_AUTOS = YES_AGGRESSIVE;
				GCC_WARN_UNUSED_FUNCTION = YES;
				GCC_WARN_UNUSED_VARIABLE = YES;
				IPHONEOS_DEPLOYMENT_TARGET = 10.1;
				MTL_ENABLE_DEBUG_INFO = NO;
				SDKROOT = iphoneos;
				SWIFT_OPTIMIZATION_LEVEL = "-Owholemodule";
				VALIDATE_PRODUCT = YES;
			};
			name = Release;
		};
		94FA254D1DF3297500E38901 /* Debug */ = {
			isa = XCBuildConfiguration;
			buildSettings = {
				ASSETCATALOG_COMPILER_APPICON_NAME = AppIcon;
				DEVELOPMENT_TEAM = BEPPW5449K;
				INFOPLIST_FILE = Quiz/Info.plist;
				LD_RUNPATH_SEARCH_PATHS = "$(inherited) @executable_path/Frameworks";
				PRODUCT_BUNDLE_IDENTIFIER = io.MrAnderson.Quiz;
				PRODUCT_NAME = "$(TARGET_NAME)";
				SWIFT_VERSION = 3.0;
			};
			name = Debug;
		};
		94FA254E1DF3297500E38901 /* Release */ = {
			isa = XCBuildConfiguration;
			buildSettings = {
				ASSETCATALOG_COMPILER_APPICON_NAME = AppIcon;
				DEVELOPMENT_TEAM = BEPPW5449K;
				INFOPLIST_FILE = Quiz/Info.plist;
				LD_RUNPATH_SEARCH_PATHS = "$(inherited) @executable_path/Frameworks";
				PRODUCT_BUNDLE_IDENTIFIER = io.MrAnderson.Quiz;
				PRODUCT_NAME = "$(TARGET_NAME)";
				SWIFT_VERSION = 3.0;
			};
			name = Release;
		};
/* End XCBuildConfiguration section */

/* Begin XCConfigurationList section */
		94FA25351DF3297500E38901 /* Build configuration list for PBXProject "Quiz" */ = {
			isa = XCConfigurationList;
			buildConfigurations = (
				94FA254A1DF3297500E38901 /* Debug */,
				94FA254B1DF3297500E38901 /* Release */,
			);
			defaultConfigurationIsVisible = 0;
			defaultConfigurationName = Release;
		};
		94FA254C1DF3297500E38901 /* Build configuration list for PBXNativeTarget "Quiz" */ = {
			isa = XCConfigurationList;
			buildConfigurations = (
				94FA254D1DF3297500E38901 /* Debug */,
				94FA254E1DF3297500E38901 /* Release */,
			);
			defaultConfigurationIsVisible = 0;
		};
/* End XCConfigurationList section */
	};
	rootObject = 94FA25321DF3297500E38901 /* Project object */;
}
